{
  "name": "opal-journeys",
  "lockfileVersion": 3,
  "requires": true,
  "packages": {
    "": {
      "name": "opal-journeys",
      "dependencies": {
        "phoenix": "^1.7.21",
        "ws": "^8.18.0"
      }
    },
    "node_modules/phoenix": {
      "version": "1.8.9",
      "resolved": "https://registry.npmjs.org/phoenix/-/phoenix-1.8.9.tgz",
      "integrity": "sha512-/2qzAZB3P2s08fFAYaG65lqaNFmVXUSlXdY4/JDdDKIC81y2cFWkPwI8gycy4VLpv197JwZ5PpBf3VhoG32yGA==",
      "license": "MIT"
    },
    "node_modules/ws": {
      "version": "8.21.1",
      "resolved": "https://registry.npmjs.org/ws/-/ws-8.21.1.tgz",
      "integrity": "sha512-+0NTnW77fFN/DjQi6k/Sq/Yvk4Sgajw7urW8V+asjXnRgDs9gyGkdb7EzgfhA4goXsRIZKE28fzIXBHEzhuiWw==",
      "license": "MIT",
      "engines": {
        "node": ">=10.0.0"
      },
      "peerDependencies": {
        "bufferutil": "^4.0.1",
        "utf-8-validate": ">=5.0.2"
      },
      "peerDependenciesMeta": {
        "bufferutil": {
          "optional": true
        },
        "utf-8-validate": {
          "optional": true
        }
      }
    }
  }
}
